{
    "_meta": {
        "hash": {
            "sha256": "b68b9e2539894907cb968b61c67285dce91d4a9735e9d96a8ddbc7bd2f17ba4b"
        },
        "pipfile-spec": 6,
        "requires": {
            "python_version": "3.11"
        },
        "sources": [
            {
                "name": "pypi",
                "url": "https://pypi.org/simple",
                "verify_ssl": true
            }
        ]
    },
    "default": {
        "bbcode": {
            "hashes": [
                "sha256:83802f4b40c92426841a98350bd6ff9ea8fdf8f9b37df1968a88c5864fd225fa",
                "sha256:eac4fb1d0f6c7ce5c41e4b5c0522562b15a1ac036fb9131adc59e9a28c7dc1d0"
            ],
            "index": "pypi",
            "version": "==1.1.0"
        },
        "certifi": {
            "hashes": [
                "sha256:539cc1d13202e33ca466e88b2807e29f4c13049d6d87031a3c110744495cb082",
                "sha256:92d6037539857d8206b8f6ae472e8b77db8058fec5937a1ef3f54304089edbb9"
            ],
            "markers": "python_version >= '3.6'",
            "version": "==2023.7.22"
        },
        "charset-normalizer": {
            "hashes": [
                "sha256:06435b539f889b1f6f4ac1758871aae42dc3a8c0e24ac9e60c2384973ad73027",
                "sha256:06a81e93cd441c56a9b65d8e1d043daeb97a3d0856d177d5c90ba85acb3db087",
                "sha256:0a55554a2fa0d408816b3b5cedf0045f4b8e1a6065aec45849de2d6f3f8e9786",
                "sha256:0b2b64d2bb6d3fb9112bafa732def486049e63de9618b5843bcdd081d8144cd8",
                "sha256:10955842570876604d404661fbccbc9c7e684caf432c09c715ec38fbae45ae09",
                "sha256:122c7fa62b130ed55f8f285bfd56d5f4b4a5b503609d181f9ad85e55c89f4185",
                "sha256:1ceae2f17a9c33cb48e3263960dc5fc8005351ee19db217e9b1bb15d28c02574",
                "sha256:1d3193f4a680c64b4b6a9115943538edb896edc190f0b222e73761716519268e",
                "sha256:1f79682fbe303db92bc2b1136016a38a42e835d932bab5b3b1bfcfbf0640e519",
                "sha256:2127566c664442652f024c837091890cb1942c30937add288223dc895793f898",
                "sha256:22afcb9f253dac0696b5a4be4a1c0f8762f8239e21b99680099abd9b2b1b2269",
                "sha256:25baf083bf6f6b341f4121c2f3c548875ee6f5339300e08be3f2b2ba1721cdd3",
                "sha256:2e81c7b9c8979ce92ed306c249d46894776a909505d8f5a4ba55b14206e3222f",
                "sha256:3287761bc4ee9e33561a7e058c72ac0938c4f57fe49a09eae428fd88aafe7bb6",
                "sha256:34d1c8da1e78d2e001f363791c98a272bb734000fcef47a491c1e3b0505657a8",
                "sha256:37e55c8e51c236f95b033f6fb391d7d7970ba5fe7ff453dad675e88cf303377a",
                "sha256:3d47fa203a7bd9c5b6cee4736ee84ca03b8ef23193c0d1ca99b5089f72645c73",
                "sha256:3e4d1f6587322d2788836a99c69062fbb091331ec940e02d12d179c1d53e25fc",
                "sha256:42cb296636fcc8b0644486d15c12376cb9fa75443e00fb25de0b8602e64c1714",
                "sha256:45485e01ff4d3630ec0d9617310448a8702f70e9c01906b0d0118bdf9d124cf2",
                "sha256:4a78b2b446bd7c934f5dcedc588903fb2f5eec172f3d29e52a9096a43722adfc",
                "sha256:4ab2fe47fae9e0f9dee8c04187ce5d09f48eabe611be8259444906793ab7cbce",
                "sha256:4d0d1650369165a14e14e1e47b372cfcb31d6ab44e6e33cb2d4e57265290044d",
                "sha256:549a3a73da901d5bc3ce8d24e0600d1fa85524c10287f6004fbab87672bf3e1e",
                "sha256:55086ee1064215781fff39a1af09518bc9255b50d6333f2e4c74ca09fac6a8f6",
                "sha256:572c3763a264ba47b3cf708a44ce965d98555f618ca42c926a9c1616d8f34269",
                "sha256:573f6eac48f4769d667c4442081b1794f52919e7edada77495aaed9236d13a96",
                "sha256:5b4c145409bef602a690e7cfad0a15a55c13320ff7a3ad7ca59c13bb8ba4d45d",
                "sha256:6463effa3186ea09411d50efc7d85360b38d5f09b870c48e4600f63af490e56a",
                "sha256:65f6f63034100ead094b8744b3b97965785388f308a64cf8d7c34f2f2e5be0c4",
                "sha256:663946639d296df6a2bb2aa51b60a2454ca1cb29835324c640dafb5ff2131a77",
                "sha256:6897af51655e3691ff853668779c7bad41579facacf5fd7253b0133308cf000d",
                "sha256:68d1f8a9e9e37c1223b656399be5d6b448dea850bed7d0f87a8311f1ff3dabb0",
                "sha256:6ac7ffc7ad6d040517be39eb591cac5ff87416c2537df6ba3cba3bae290c0fed",
                "sha256:6b3251890fff30ee142c44144871185dbe13b11bab478a88887a639655be1068",
                "sha256:6c4caeef8fa63d06bd437cd4bdcf3ffefe6738fb1b25951440d80dc7df8c03ac",
                "sha256:6ef1d82a3af9d3eecdba2321dc1b3c238245d890843e040e41e470ffa64c3e25",
                "sha256:753f10e867343b4511128c6ed8c82f7bec3bd026875576dfd88483c5c73b2fd8",
                "sha256:7cd13a2e3ddeed6913a65e66e94b51d80a041145a026c27e6bb76c31a853c6ab",
                "sha256:7ed9e526742851e8d5cc9e6cf41427dfc6068d4f5a3bb03659444b4cabf6bc26",
                "sha256:7f04c839ed0b6b98b1a7501a002144b76c18fb1c1850c8b98d458ac269e26ed2",
                "sha256:802fe99cca7457642125a8a88a084cef28ff0cf9407060f7b93dca5aa25480db",
                "sha256:80402cd6ee291dcb72644d6eac93785fe2c8b9cb30893c1af5b8fdd753b9d40f",
                "sha256:8465322196c8b4d7ab6d1e049e4c5cb460d0394da4a27d23cc242fbf0034b6b5",
                "sha256:86216b5cee4b06df986d214f664305142d9c76df9b6512be2738aa72a2048f99",
                "sha256:87d1351268731db79e0f8e745d92493ee2841c974128ef629dc518b937d9194c",
                "sha256:8bdb58ff7ba23002a4c5808d608e4e6c687175724f54a5dade5fa8c67b604e4d",
                "sha256:8c622a5fe39a48f78944a87d4fb8a53ee07344641b0562c540d840748571b811",
                "sha256:8d756e44e94489e49571086ef83b2bb8ce311e730092d2c34ca8f7d925cb20aa",
                "sha256:8f4a014bc36d3c57402e2977dada34f9c12300af536839dc38c0beab8878f38a",
                "sha256:9063e24fdb1e498ab71cb7419e24622516c4a04476b17a2dab57e8baa30d6e03",
                "sha256:90d558489962fd4918143277a773316e56c72da56ec7aa3dc3dbbe20fdfed15b",
                "sha256:923c0c831b7cfcb071580d3f46c4baf50f174be571576556269530f4bbd79d04",
                "sha256:95f2a5796329323b8f0512e09dbb7a1860c46a39da62ecb2324f116fa8fdc85c",
                "sha256:96b02a3dc4381e5494fad39be677abcb5e6634bf7b4fa83a6dd3112607547001",
                "sha256:9f96df6923e21816da7e0ad3fd47dd8f94b2a5ce594e00677c0013018b813458",
                "sha256:a10af20b82360ab00827f916a6058451b723b4e65030c5a18577c8b2de5b3389",
                "sha256:a50aebfa173e157099939b17f18600f72f84eed3049e743b68ad15bd69b6bf99",
                "sha256:a981a536974bbc7a512cf44ed14938cf01030a99e9b3a06dd59578882f06f985",
                "sha256:a9a8e9031d613fd2009c182b69c7b2c1ef8239a0efb1df3f7c8da66d5dd3d537",
                "sha256:ae5f4161f18c61806f411a13b0310bea87f987c7d2ecdbdaad0e94eb2e404238",
                "sha256:aed38f6e4fb3f5d6bf81bfa990a07806be9d83cf7bacef998ab1a9bd660a581f",
                "sha256:b01b88d45a6fcb69667cd6d2f7a9aeb4bf53760d7fc536bf679ec94fe9f3ff3d",
                "sha256:b261ccdec7821281dade748d088bb6e9b69e6d15b30652b74cbbac25e280b796",
                "sha256:b2b0a0c0517616b6869869f8c581d4eb2dd83a4d79e0ebcb7d373ef9956aeb0a",
                "sha256:b4a23f61ce87adf89be746c8a8974fe1c823c891d8f86eb218bb957c924bb143",
                "sha256:bd8f7df7d12c2db9fab40bdd87a7c09b1530128315d047a086fa3ae3435cb3a8",
                "sha256:beb58fe5cdb101e3a055192ac291b7a21e3b7ef4f67fa1d74e331a7f2124341c",
                "sha256:c002b4ffc0be611f0d9da932eb0f704fe2602a9a949d1f738e4c34c75b0863d5",
                "sha256:c083af607d2515612056a31f0a8d9e0fcb5876b7bfc0abad3ecd275bc4ebc2d5",
                "sha256:c180f51afb394e165eafe4ac2936a14bee3eb10debc9d9e4db8958fe36afe711",
                "sha256:c235ebd9baae02f1b77bcea61bce332cb4331dc3617d254df3323aa01ab47bd4",
                "sha256:cd70574b12bb8a4d2aaa0094515df2463cb429d8536cfb6c7ce983246983e5a6",
                "sha256:d0eccceffcb53201b5bfebb52600a5fb483a20b61da9dbc885f8b103cbe7598c",
                "sha256:d965bba47ddeec8cd560687584e88cf699fd28f192ceb452d1d7ee807c5597b7",
                "sha256:db364eca23f876da6f9e16c9da0df51aa4f104a972735574842618b8c6d999d4",
                "sha256:ddbb2551d7e0102e7252db79ba445cdab71b26640817ab1e3e3648dad515003b",
                "sha256:deb6be0ac38ece9ba87dea880e438f25ca3eddfac8b002a2ec3d9183a454e8ae",
                "sha256:e06ed3eb3218bc64786f7db41917d4e686cc4856944f53d5bdf83a6884432e12",
                "sha256:e27ad930a842b4c5eb8ac0016b0a54f5aebbe679340c26101df33424142c143c",
                "sha256:e537484df0d8f426ce2afb2d0f8e1c3d0b114b83f8850e5f2fbea0e797bd82ae",
                "sha256:eb00ed941194665c332bf8e078baf037d6c35d7c4f3102ea2d4f16ca94a26dc8",
                "sha256:eb6904c354526e758fda7167b33005998fb68c46fbc10e013ca97f21ca5c8887",
                "sha256:eb8821e09e916165e160797a6c17edda0679379a4be5c716c260e836e122f54b",
                "sha256:efcb3f6676480691518c177e3b465bcddf57cea040302f9f4e6e191af91174d4",
                "sha256:f27273b60488abe721a075bcca6d7f3964f9f6f067c8c4c605743023d7d3944f",
                "sha256:f30c3cb33b24454a82faecaf01b19c18562b1e89558fb6c56de4d9118a032fd5",
                "sha256:fb69256e180cb6c8a894fee62b3afebae785babc1ee98b81cdf68bbca1987f33",
                "sha256:fd1abc0d89e30cc4e02e4064dc67fcc51bd941eb395c502aac3ec19fab46b519",
                "sha256:ff8fa367d09b717b2a17a052544193ad76cd49979c805768879cb63d9ca50561"
            ],
            "markers": "python_full_version >= '3.7.0'",
            "version": "==3.3.2"
        },
        "checksumdir": {
            "hashes": [
                "sha256:10bfd7518da5a14b0e9ac03e9ad105f0e70f58bba52b6e9aa2f21a3f73c7b5a8",
                "sha256:77687e16da95970c94061c74ef2e13666c4b6e0e8c90a5eaf0c8f7591332cf01"
            ],
            "index": "pypi",
            "markers": "python_version >= '3.6' and python_version < '4.0'",
            "version": "==1.2.0"
        },
        "idna": {
            "hashes": [
                "sha256:814f528e8dead7d329833b91c5faa87d60bf71824cd12a7530b5526063d02cb4",
                "sha256:90b77e79eaa3eba6de819a0c442c0b4ceefc341a7a2ab77d7562bf49f425c5c2"
            ],
            "markers": "python_version >= '3.5'",
            "version": "==3.4"
        },
        "lupa": {
            "hashes": [
                "sha256:0423acd739cf25dbdbf1e33a0aa8026f35e1edea0573db63d156f14a082d77c8",
                "sha256:0a15680f425b91ec220eb84b0ab59d24c4bee69d15b88245a6998a7d38c78ba6",
                "sha256:0aac06098d46729edd2d04e80b55d9d310e902f042f27521308df77cb1ba0191",
                "sha256:0ac862c6d2eb542ac70d294a8e960b9ae7f46297559733b4c25f9e3c945e522a",
                "sha256:0ed071efc8ee231fac1fcd6b6fce44dc6da75a352b9b78403af89a48d759743c",
                "sha256:1661c890861cf0f7002d7a7e00f50c885577954c2d85a7173b218d3228fa3869",
                "sha256:1b8bda50c61c98ff9bb41d1f4934640c323e9f1539021810016a2eae25a66c3d",
                "sha256:1ff93560c2546d7627ab2f95b5e88f000705db70a3d6041ac29d050f094f2a35",
                "sha256:20b486cda76ff141cfb5f28df9c757224c9ed91e78c5242d402d2e9cb699d464",
                "sha256:2116eb467797d5a134b2c997dfc7974b9a84b3aa5776c17ba8578ed4f5f41a9b",
                "sha256:24d6c3435d38614083d197f3e7bcfe6d3d9eb02ee393d60a4ab9c719bc000162",
                "sha256:297d801ba8e4e882b295c25d92f1634dde5e76d07ec6c35b13882401248c485d",
                "sha256:2dacdddd5e28c6f5fd96a46c868ec5c34b0fad1ec7235b5bbb56f06183a37f20",
                "sha256:2ee480d31555f00f8bf97dd949c596508bd60264cff1921a3797a03dd369e8cd",
                "sha256:30d356a433653b53f1fe29477faaf5e547b61953b971b010d2185a561f4ce82a",
                "sha256:350ba2218eea800898854b02753dc0c9cfe83db315b30c0dc10ab17493f0321a",
                "sha256:364b291bf2b55555c87b4bffb4db5a9619bcdb3c02e58aebde5319c3c59ec9b2",
                "sha256:36d888bd42589ecad21a5fb957b46bc799640d18eff2fd0c47a79ffb4a1b286c",
                "sha256:3865f9dbe9a84bd6a471250e52068aaf1147f206a51905fb6d93e1db9efb00ee",
                "sha256:40cf2eb90087dfe8ee002740469f2c4c5230d5e7d10ffb676602066d2f9b1ac9",
                "sha256:457330e7a5456c4415fc6d38822036bd4cff214f9d8f7906200f6b588f1b2932",
                "sha256:46dcbc0eae63899468686bb1dfc2fe4ed21fe06f69416113f039d88aab18f5dc",
                "sha256:47f1459e2c98480c291ae3b70688d762f82dbb197ef121d529aa2c4e8bab1ba3",
                "sha256:4a44e1fd0e9f4a546fbddd2e0fd913c823c9ac58a5f3160fb4f9109f633cb027",
                "sha256:4bd789967cbb5c84470f358c7fa8fcbf7464185adbd872a6c3de9b42d29a6d26",
                "sha256:4ea185c394bf7d07e9643d868e50cc94a530bb298d4bdae4915672b3809cc72b",
                "sha256:51d6965663b2be1a593beabfa10803fdbbcf0b293aa4a53ea09a23db89787d0d",
                "sha256:5fbe7f83b0007cda3b158a93726c80dfd39003a8c5c5d608f6fdf8c60c42117f",
                "sha256:5fef8b755591f0466438ad0a3e92ecb21dd6bb1f05d0215139b6ff8c87b2ce65",
                "sha256:61ff409040fa3a6c358b7274c10e556ba22afeb3470f8d23cd0a6bf418fb30c9",
                "sha256:62530cf0a9c749a3cd13ad92b31eaf178939d642b6176b46cfcd98f6c5006383",
                "sha256:63a27c38295aa971730795941270fff2ce65576f68ec63cb3ecb90d7a4526d03",
                "sha256:69be1d6c3f3ab9fc988c9a0e5801f23f68e2c8b5900a8fd3ae57d1d0e9c5539c",
                "sha256:6aff7257b5953de620db489899406cddb22093d1124fc5b31f8900e44a9dbc2a",
                "sha256:6d87d6c51e6c3b6326d18af83e81f4860ba0b287cda1101b1ab8562389d598f5",
                "sha256:7068ae0d6a1a35ea8718ef6e103955c1ee143181bf0684604a76acc67f69de55",
                "sha256:723fff6fcab5e7045e0fa79014729577f98082bd1fd1050f907f83a41e4c9865",
                "sha256:72589a21a3776c7dd4b05374780e7ecf1b49c490056077fc91486461935eaaa3",
                "sha256:77b587043d0bee9cc738e00c12718095cf808dd269b171f852bd82026c664c69",
                "sha256:7ad96923e2092d8edbf0c1b274f9b522690b932ed47a70d9a0c1c329f169f107",
                "sha256:7f6bc9852bdf7b16840c984a1e9f952815f7d4b3764585d20d2e062bd1128074",
                "sha256:8912459fddf691e70f2add799a128822bae725826cfb86f69720a38bdfa42410",
                "sha256:8986dba002346505ee44c78303339c97a346b883015d5cf3aaa0d76d3b952744",
                "sha256:8a064d72991ba53aeea9720d95f2055f7f8a1e2f35b32a35d92248b63a94bcd1",
                "sha256:8f65d2007092a04616c215fea5ad05ba8f661bd0f45cde5265d27150f64d3dd8",
                "sha256:9144ecfa5e363f03e4d1c1e678b081cd223438be08f96604fca478591c3e3b53",
                "sha256:930092a27157241d07d6d09ff01d5530a9e4c0dd515228211f2902b7e88ec1f0",
                "sha256:96a201537930813b34145daf337dcd934ddfaebeba6452caf8a32a418e145e82",
                "sha256:9706a192339efa1a6b7d806389572a669dd9ae2250469ff1ce13f684085af0b4",
                "sha256:9b9d1b98391959ae531bbb8df7559ac2c408fcbd33721921b6a05fd6414161e0",
                "sha256:9e36f3eb70705841bce9c15e12bc6fc3b2f4f68a41ba0e4af303b22fc4d8667c",
                "sha256:a17ebf91b3aa1c5c36661e34c9cf10e04bb4cc00076e8b966f86749647162050",
                "sha256:aa1449aa1ab46c557344867496dee324b47ede0c41643df8f392b00262d21b12",
                "sha256:abe3fc103d7bd34e7028d06db557304979f13ebf9050ad0ea6c1cc3a1caea017",
                "sha256:b1d9cfa469e7a2ad7e9a00fea7196b0022aa52f43a2043c2e0be92122e7bcfe8",
                "sha256:b3efe9d887cfdf459054308ecb716e0eb11acb9a96c3022ee4e677c1f510d244",
                "sha256:b6953854a343abdfe11aa52a2d021fadf3d77d0cd2b288b650f149b597e0d02d",
                "sha256:b83100cd7b48a7ca85dda4e9a6a5e7bc3312691e7f94c6a78d1f9a48a86a7fec",
                "sha256:bc4f5e84aee0d567aa2e116ff6844d06086ef7404d5102807e59af5ce9daf3c0",
                "sha256:bce60847bebb4aa9ed3436fab3e84585e9094e15e1cb8d32e16e041c4ef65331",
                "sha256:c0efaae8e7276f4feb82cba43c3cd45c82db820c9dab3965a8f2e0cb8b0bc30b",
                "sha256:c685143b18c79a3a1fa25a4cc774a87b5a61c606f249bcf824d125d8accb6b2c",
                "sha256:c79ced2aaf7577e3d06933cf0d323fa968e6864c498c376b0bd475ded86f01f3",
                "sha256:c8bddd22eaeea0ce9d302b390d8bc606f003bf6c51be68e8b007504433b91280",
                "sha256:ca58da94a6495dda0063ba975fe2e6f722c5e84c94f09955671b279c41cfde96",
                "sha256:cf643bc48a152e2c572d8be7fc1de1c417a6a9648d337ffedebf00f57016b786",
                "sha256:d0fd4e60ad149fe25c90530e2a0e032a42a6f0455f29ca0edb8170d6ec751c6e",
                "sha256:d251ba009996a47231615ea6b78123c88446979ae99b5585269ec46f7a9197aa",
                "sha256:d61fb507a36e18dc68f2d9e9e2ea19e1114b1a5e578a36f18e9be7a17d2931d1",
                "sha256:d688a35f7fe614720ed7b820cbb739b37eff577a764c2003e229c2a752201cea",
                "sha256:d6f5bfbd8fc48c27786aef8f30c84fd9197747fa0b53761e69eb968d81156cbf",
                "sha256:d891b43b8810191eb4c42a0bc57c32f481098029aac42b176108e09ffe118cdc",
                "sha256:dec7580b86975bc5bdf4cc54638c93daaec10143b4acc4a6c674c0f7e27dd363",
                "sha256:e754cbc6cacc9bca6ff2b39025e9659a2098420639d214054b06b466825f4470",
                "sha256:f26b73d10130ad73e07d45dfe9b7c3833e3a2aa1871a4ecf5ce2dc1abeeae74d"
            ],
            "index": "pypi",
            "version": "==1.14.1"
        },
        "markdown": {
            "hashes": [
                "sha256:5874b47d4ee3f0b14d764324d2c94c03ea66bee56f2d929da9f2508d65e722dc",
                "sha256:b65d7beb248dc22f2e8a31fb706d93798093c308dc1aba295aedeb9d41a813bd"
            ],
            "index": "pypi",
            "markers": "python_version >= '3.8'",
            "version": "==3.5.1"
        },
        "markdown-it-py": {
            "hashes": [
                "sha256:355216845c60bd96232cd8d8c40e8f9765cc86f46880e43a8fd22dc1a1a8cab1",
                "sha256:e3f60a94fa066dc52ec76661e37c851cb232d92f9886b15cb560aaada2df8feb"
            ],
            "markers": "python_version >= '3.8'",
            "version": "==3.0.0"
        },
        "mdurl": {
            "hashes": [
                "sha256:84008a41e51615a49fc9966191ff91509e3c40b939176e643fd50a5c2196b8f8",
                "sha256:bb413d29f5eea38f31dd4754dd7377d4465116fb207585f97bf925588687c1ba"
            ],
            "markers": "python_version >= '3.7'",
            "version": "==0.1.2"
        },
        "packaging": {
            "hashes": [
                "sha256:048fb0e9405036518eaaf48a55953c750c11e1a1b68e0dd1a9d62ed0c092cfc5",
                "sha256:8c491190033a9af7e1d931d0b5dacc2ef47509b34dd0de67ed209b5203fc88c7"
            ],
            "index": "pypi",
            "markers": "python_version >= '3.7'",
            "version": "==23.2"
        },
        "prompt-toolkit": {
            "hashes": [
                "sha256:941367d97fc815548822aa26c2a269fdc4eb21e9ec05fc5d447cf09bad5d75f0",
                "sha256:f36fe301fafb7470e86aaf90f036eef600a3210be4decf461a5b1ca8403d3cb2"
            ],
            "index": "pypi",
            "markers": "python_full_version >= '3.7.0'",
            "version": "==3.0.41"
        },
        "pygments": {
            "hashes": [
                "sha256:13fc09fa63bc8d8671a6d247e1eb303c4b343eaee81d861f3404db2935653692",
                "sha256:1daff0494820c69bc8941e407aa20f577374ee88364ee10a98fdbe0aece96e29"
            ],
            "markers": "python_version >= '3.7'",
            "version": "==2.16.1"
        },
        "pyperclip": {
            "hashes": [
                "sha256:105254a8b04934f0bc84e9c24eb360a591aaf6535c9def5f29d92af107a9bf57"
            ],
            "index": "pypi",
            "version": "==1.8.2"
        },
        "python-dateutil": {
            "hashes": [
                "sha256:0123cacc1627ae19ddf3c27a5de5bd67ee4586fbdd6440d9748f8abb483d3e86",
                "sha256:961d03dc3453ebbc59dbdea9e4e11c5651520a876d0f4db161e8674aae935da9"
            ],
            "index": "pypi",
            "markers": "python_version >= '2.7' and python_version not in '3.0, 3.1, 3.2, 3.3'",
            "version": "==2.8.2"
        },
        "requests": {
            "hashes": [
                "sha256:58cd2187c01e70e6e26505bca751777aa9f2ee0b7f4300988b709f44e013003f",
                "sha256:942c5a758f98d790eaed1a29cb6eefc7ffb0d1cf7af05c3d2791656dbd6ad1e1"
            ],
            "index": "pypi",
            "markers": "python_version >= '3.7'",
            "version": "==2.31.0"
        },
        "rich": {
            "hashes": [
                "sha256:5cb5123b5cf9ee70584244246816e9114227e0b98ad9176eede6ad54bf5403fa",
                "sha256:6da14c108c4866ee9520bbffa71f6fe3962e193b7da68720583850cd4548e235"
            ],
            "index": "pypi",
            "markers": "python_full_version >= '3.7.0'",
            "version": "==13.7.0"
        },
        "six": {
            "hashes": [
                "sha256:1e61c37477a1626458e36f7b1d82aa5c9b094fa4802892072e49de9c60c4c926",
                "sha256:8abb2f1d86890a2dfb989f9a77cfcfd3e47c2a354b01111771326f8aa26e0254"
            ],
            "markers": "python_version >= '2.7' and python_version not in '3.0, 3.1, 3.2, 3.3'",
            "version": "==1.16.0"
        },
        "urllib3": {
            "hashes": [
                "sha256:55901e917a5896a349ff771be919f8bd99aff50b79fe58fec595eb37bbc56bb3",
                "sha256:df7aa8afb0148fa78488e7899b2c59b5f4ffcfa82e6c54ccb9dd37c1d7b52d54"
            ],
            "markers": "python_version >= '3.8'",
            "version": "==2.1.0"
        },
        "wcwidth": {
            "hashes": [
                "sha256:390c7454101092a6a5e43baad8f83de615463af459201709556b6e4b1c861f97",
                "sha256:aec5179002dd0f0d40c456026e74a729661c9d468e1ed64405e3a6c2176ca36f"
            ],
            "version": "==0.2.10"
        }
    },
    "develop": {}
}
