{
    "_meta": {
        "hash": {
            "sha256": "a64c7f3ff3eced6f87cd6d73b4d6809efdab9d9279edefc98b2941633ba8398e"
        },
        "pipfile-spec": 6,
        "requires": {
            "python_version": "3.11"
        },
        "sources": [
            {
                "name": "pypi",
                "url": "https://pypi.org/simple",
                "verify_ssl": true
            }
        ]
    },
    "default": {
        "bbcode": {
            "hashes": [
                "sha256:83802f4b40c92426841a98350bd6ff9ea8fdf8f9b37df1968a88c5864fd225fa",
                "sha256:eac4fb1d0f6c7ce5c41e4b5c0522562b15a1ac036fb9131adc59e9a28c7dc1d0"
            ],
            "index": "pypi",
            "version": "==1.1.0"
        },
        "certifi": {
            "hashes": [
                "sha256:35824b4c3a97115964b408844d64aa14db1cc518f6562e8d7261699d1350a9e3",
                "sha256:4ad3232f5e926d6718ec31cfc1fcadfde020920e278684144551c91769c7bc18"
            ],
            "markers": "python_version >= '3.6'",
            "version": "==2022.12.7"
        },
        "charset-normalizer": {
            "hashes": [
                "sha256:5a3d016c7c547f69d6f81fb0db9449ce888b418b5b9952cc5e6e66843e9dd845",
                "sha256:83e9a75d1911279afd89352c68b45348559d1fc0506b054b346651b5e7fee29f"
            ],
            "markers": "python_full_version >= '3.6.0'",
            "version": "==2.1.1"
        },
        "checksumdir": {
            "hashes": [
                "sha256:10bfd7518da5a14b0e9ac03e9ad105f0e70f58bba52b6e9aa2f21a3f73c7b5a8",
                "sha256:77687e16da95970c94061c74ef2e13666c4b6e0e8c90a5eaf0c8f7591332cf01"
            ],
            "index": "pypi",
            "version": "==1.2.0"
        },
        "commonmark": {
            "hashes": [
                "sha256:452f9dc859be7f06631ddcb328b6919c67984aca654e5fefb3914d54691aed60",
                "sha256:da2f38c92590f83de410ba1a3cbceafbc74fee9def35f9251ba9a971d6d66fd9"
            ],
            "version": "==0.9.1"
        },
        "idna": {
            "hashes": [
                "sha256:814f528e8dead7d329833b91c5faa87d60bf71824cd12a7530b5526063d02cb4",
                "sha256:90b77e79eaa3eba6de819a0c442c0b4ceefc341a7a2ab77d7562bf49f425c5c2"
            ],
            "markers": "python_version >= '3.5'",
            "version": "==3.4"
        },
        "lupa": {
            "hashes": [
                "sha256:0423acd739cf25dbdbf1e33a0aa8026f35e1edea0573db63d156f14a082d77c8",
                "sha256:0a15680f425b91ec220eb84b0ab59d24c4bee69d15b88245a6998a7d38c78ba6",
                "sha256:0aac06098d46729edd2d04e80b55d9d310e902f042f27521308df77cb1ba0191",
                "sha256:0ac862c6d2eb542ac70d294a8e960b9ae7f46297559733b4c25f9e3c945e522a",
                "sha256:0ed071efc8ee231fac1fcd6b6fce44dc6da75a352b9b78403af89a48d759743c",
                "sha256:1661c890861cf0f7002d7a7e00f50c885577954c2d85a7173b218d3228fa3869",
                "sha256:1b8bda50c61c98ff9bb41d1f4934640c323e9f1539021810016a2eae25a66c3d",
                "sha256:1ff93560c2546d7627ab2f95b5e88f000705db70a3d6041ac29d050f094f2a35",
                "sha256:20b486cda76ff141cfb5f28df9c757224c9ed91e78c5242d402d2e9cb699d464",
                "sha256:2116eb467797d5a134b2c997dfc7974b9a84b3aa5776c17ba8578ed4f5f41a9b",
                "sha256:24d6c3435d38614083d197f3e7bcfe6d3d9eb02ee393d60a4ab9c719bc000162",
                "sha256:297d801ba8e4e882b295c25d92f1634dde5e76d07ec6c35b13882401248c485d",
                "sha256:2dacdddd5e28c6f5fd96a46c868ec5c34b0fad1ec7235b5bbb56f06183a37f20",
                "sha256:2ee480d31555f00f8bf97dd949c596508bd60264cff1921a3797a03dd369e8cd",
                "sha256:30d356a433653b53f1fe29477faaf5e547b61953b971b010d2185a561f4ce82a",
                "sha256:350ba2218eea800898854b02753dc0c9cfe83db315b30c0dc10ab17493f0321a",
                "sha256:364b291bf2b55555c87b4bffb4db5a9619bcdb3c02e58aebde5319c3c59ec9b2",
                "sha256:36d888bd42589ecad21a5fb957b46bc799640d18eff2fd0c47a79ffb4a1b286c",
                "sha256:3865f9dbe9a84bd6a471250e52068aaf1147f206a51905fb6d93e1db9efb00ee",
                "sha256:40cf2eb90087dfe8ee002740469f2c4c5230d5e7d10ffb676602066d2f9b1ac9",
                "sha256:457330e7a5456c4415fc6d38822036bd4cff214f9d8f7906200f6b588f1b2932",
                "sha256:46dcbc0eae63899468686bb1dfc2fe4ed21fe06f69416113f039d88aab18f5dc",
                "sha256:47f1459e2c98480c291ae3b70688d762f82dbb197ef121d529aa2c4e8bab1ba3",
                "sha256:4a44e1fd0e9f4a546fbddd2e0fd913c823c9ac58a5f3160fb4f9109f633cb027",
                "sha256:4bd789967cbb5c84470f358c7fa8fcbf7464185adbd872a6c3de9b42d29a6d26",
                "sha256:4ea185c394bf7d07e9643d868e50cc94a530bb298d4bdae4915672b3809cc72b",
                "sha256:51d6965663b2be1a593beabfa10803fdbbcf0b293aa4a53ea09a23db89787d0d",
                "sha256:5fbe7f83b0007cda3b158a93726c80dfd39003a8c5c5d608f6fdf8c60c42117f",
                "sha256:5fef8b755591f0466438ad0a3e92ecb21dd6bb1f05d0215139b6ff8c87b2ce65",
                "sha256:61ff409040fa3a6c358b7274c10e556ba22afeb3470f8d23cd0a6bf418fb30c9",
                "sha256:62530cf0a9c749a3cd13ad92b31eaf178939d642b6176b46cfcd98f6c5006383",
                "sha256:63a27c38295aa971730795941270fff2ce65576f68ec63cb3ecb90d7a4526d03",
                "sha256:69be1d6c3f3ab9fc988c9a0e5801f23f68e2c8b5900a8fd3ae57d1d0e9c5539c",
                "sha256:6aff7257b5953de620db489899406cddb22093d1124fc5b31f8900e44a9dbc2a",
                "sha256:6d87d6c51e6c3b6326d18af83e81f4860ba0b287cda1101b1ab8562389d598f5",
                "sha256:7068ae0d6a1a35ea8718ef6e103955c1ee143181bf0684604a76acc67f69de55",
                "sha256:723fff6fcab5e7045e0fa79014729577f98082bd1fd1050f907f83a41e4c9865",
                "sha256:72589a21a3776c7dd4b05374780e7ecf1b49c490056077fc91486461935eaaa3",
                "sha256:77b587043d0bee9cc738e00c12718095cf808dd269b171f852bd82026c664c69",
                "sha256:7ad96923e2092d8edbf0c1b274f9b522690b932ed47a70d9a0c1c329f169f107",
                "sha256:7f6bc9852bdf7b16840c984a1e9f952815f7d4b3764585d20d2e062bd1128074",
                "sha256:8912459fddf691e70f2add799a128822bae725826cfb86f69720a38bdfa42410",
                "sha256:8986dba002346505ee44c78303339c97a346b883015d5cf3aaa0d76d3b952744",
                "sha256:8a064d72991ba53aeea9720d95f2055f7f8a1e2f35b32a35d92248b63a94bcd1",
                "sha256:8f65d2007092a04616c215fea5ad05ba8f661bd0f45cde5265d27150f64d3dd8",
                "sha256:9144ecfa5e363f03e4d1c1e678b081cd223438be08f96604fca478591c3e3b53",
                "sha256:930092a27157241d07d6d09ff01d5530a9e4c0dd515228211f2902b7e88ec1f0",
                "sha256:96a201537930813b34145daf337dcd934ddfaebeba6452caf8a32a418e145e82",
                "sha256:9706a192339efa1a6b7d806389572a669dd9ae2250469ff1ce13f684085af0b4",
                "sha256:9b9d1b98391959ae531bbb8df7559ac2c408fcbd33721921b6a05fd6414161e0",
                "sha256:9e36f3eb70705841bce9c15e12bc6fc3b2f4f68a41ba0e4af303b22fc4d8667c",
                "sha256:a17ebf91b3aa1c5c36661e34c9cf10e04bb4cc00076e8b966f86749647162050",
                "sha256:aa1449aa1ab46c557344867496dee324b47ede0c41643df8f392b00262d21b12",
                "sha256:abe3fc103d7bd34e7028d06db557304979f13ebf9050ad0ea6c1cc3a1caea017",
                "sha256:b1d9cfa469e7a2ad7e9a00fea7196b0022aa52f43a2043c2e0be92122e7bcfe8",
                "sha256:b3efe9d887cfdf459054308ecb716e0eb11acb9a96c3022ee4e677c1f510d244",
                "sha256:b6953854a343abdfe11aa52a2d021fadf3d77d0cd2b288b650f149b597e0d02d",
                "sha256:b83100cd7b48a7ca85dda4e9a6a5e7bc3312691e7f94c6a78d1f9a48a86a7fec",
                "sha256:bc4f5e84aee0d567aa2e116ff6844d06086ef7404d5102807e59af5ce9daf3c0",
                "sha256:bce60847bebb4aa9ed3436fab3e84585e9094e15e1cb8d32e16e041c4ef65331",
                "sha256:c0efaae8e7276f4feb82cba43c3cd45c82db820c9dab3965a8f2e0cb8b0bc30b",
                "sha256:c685143b18c79a3a1fa25a4cc774a87b5a61c606f249bcf824d125d8accb6b2c",
                "sha256:c79ced2aaf7577e3d06933cf0d323fa968e6864c498c376b0bd475ded86f01f3",
                "sha256:c8bddd22eaeea0ce9d302b390d8bc606f003bf6c51be68e8b007504433b91280",
                "sha256:ca58da94a6495dda0063ba975fe2e6f722c5e84c94f09955671b279c41cfde96",
                "sha256:cf643bc48a152e2c572d8be7fc1de1c417a6a9648d337ffedebf00f57016b786",
                "sha256:d0fd4e60ad149fe25c90530e2a0e032a42a6f0455f29ca0edb8170d6ec751c6e",
                "sha256:d251ba009996a47231615ea6b78123c88446979ae99b5585269ec46f7a9197aa",
                "sha256:d61fb507a36e18dc68f2d9e9e2ea19e1114b1a5e578a36f18e9be7a17d2931d1",
                "sha256:d688a35f7fe614720ed7b820cbb739b37eff577a764c2003e229c2a752201cea",
                "sha256:d6f5bfbd8fc48c27786aef8f30c84fd9197747fa0b53761e69eb968d81156cbf",
                "sha256:d891b43b8810191eb4c42a0bc57c32f481098029aac42b176108e09ffe118cdc",
                "sha256:dec7580b86975bc5bdf4cc54638c93daaec10143b4acc4a6c674c0f7e27dd363",
                "sha256:e754cbc6cacc9bca6ff2b39025e9659a2098420639d214054b06b466825f4470",
                "sha256:f26b73d10130ad73e07d45dfe9b7c3833e3a2aa1871a4ecf5ce2dc1abeeae74d"
            ],
            "index": "pypi",
            "version": "==1.14.1"
        },
        "markdown": {
            "hashes": [
                "sha256:08fb8465cffd03d10b9dd34a5c3fea908e20391a2a90b88d66362cb05beed186",
                "sha256:3b809086bb6efad416156e00a0da66fe47618a5d6918dd688f53f40c8e4cfeff"
            ],
            "index": "pypi",
            "version": "==3.4.1"
        },
        "packaging": {
            "hashes": [
                "sha256:2198ec20bd4c017b8f9717e00f0c8714076fc2fd93816750ab48e2c41de2cfd3",
                "sha256:957e2148ba0e1a3b282772e791ef1d8083648bc131c8ab0c1feba110ce1146c3"
            ],
            "index": "pypi",
            "version": "==22.0"
        },
        "prompt-toolkit": {
            "hashes": [
                "sha256:3e163f254bef5a03b146397d7c1963bd3e2812f0964bb9a24e6ec761fd28db63",
                "sha256:aa64ad242a462c5ff0363a7b9cfe696c20d55d9fc60c11fd8e632d064804d305"
            ],
            "index": "pypi",
            "version": "==3.0.36"
        },
        "pygments": {
            "hashes": [
                "sha256:56a8508ae95f98e2b9bdf93a6be5ae3f7d8af858b43e02c5a2ff083726be40c1",
                "sha256:f643f331ab57ba3c9d89212ee4a2dabc6e94f117cf4eefde99a0574720d14c42"
            ],
            "markers": "python_version >= '3.6'",
            "version": "==2.13.0"
        },
        "pyperclip": {
            "hashes": [
                "sha256:105254a8b04934f0bc84e9c24eb360a591aaf6535c9def5f29d92af107a9bf57"
            ],
            "index": "pypi",
            "version": "==1.8.2"
        },
        "python-dateutil": {
            "hashes": [
                "sha256:0123cacc1627ae19ddf3c27a5de5bd67ee4586fbdd6440d9748f8abb483d3e86",
                "sha256:961d03dc3453ebbc59dbdea9e4e11c5651520a876d0f4db161e8674aae935da9"
            ],
            "index": "pypi",
            "version": "==2.8.2"
        },
        "requests": {
            "hashes": [
                "sha256:7c5599b102feddaa661c826c56ab4fee28bfd17f5abca1ebbe3e7f19d7c97983",
                "sha256:8fefa2a1a1365bf5520aac41836fbee479da67864514bdb821f31ce07ce65349"
            ],
            "index": "pypi",
            "version": "==2.28.1"
        },
        "rich": {
            "hashes": [
                "sha256:a4eb26484f2c82589bd9a17c73d32a010b1e29d89f1604cd9bf3a2097b81bb5e",
                "sha256:ba3a3775974105c221d31141f2c116f4fd65c5ceb0698657a11e9f295ec93fd0"
            ],
            "index": "pypi",
            "version": "==12.6.0"
        },
        "six": {
            "hashes": [
                "sha256:1e61c37477a1626458e36f7b1d82aa5c9b094fa4802892072e49de9c60c4c926",
                "sha256:8abb2f1d86890a2dfb989f9a77cfcfd3e47c2a354b01111771326f8aa26e0254"
            ],
            "markers": "python_version >= '2.7' and python_version not in '3.0, 3.1, 3.2, 3.3'",
            "version": "==1.16.0"
        },
        "urllib3": {
            "hashes": [
                "sha256:47cc05d99aaa09c9e72ed5809b60e7ba354e64b59c9c173ac3018642d8bb41fc",
                "sha256:c083dd0dce68dbfbe1129d5271cb90f9447dea7d52097c6e0126120c521ddea8"
            ],
            "markers": "python_version >= '2.7' and python_version not in '3.0, 3.1, 3.2, 3.3, 3.4, 3.5'",
            "version": "==1.26.13"
        },
        "wcwidth": {
            "hashes": [
                "sha256:beb4802a9cebb9144e99086eff703a642a13d6a0052920003a230f3294bbe784",
                "sha256:c4d647b99872929fdb7bdcaa4fbe7f01413ed3d98077df798530e5b04f116c83"
            ],
            "version": "==0.2.5"
        }
    },
    "develop": {}
}
